
Microsoft Visual Studio Solution File, Format Version 12.00
# Visual Studio 14
VisualStudioVersion = 14.0.25420.1
MinimumVisualStudioVersion = 10.0.40219.1
Project("{FAE04EC0-301F-11D3-BF4B-00C04F79EFBC}") = "MusicXmlReaderUI", "MusicXmlReaderUI\MusicXmlReaderUI.csproj", "{FF416129-9DB8-4B09-BDA5-0A2867FEBF6C}"
	ProjectSection(ProjectDependencies) = postProject
		{529D2C78-0FBC-4BF1-B5AE-F348695546C2} = {529D2C78-0FBC-4BF1-B5AE-F348695546C2}
	EndProjectSection
EndProject
Project("{FAE04EC0-301F-11D3-BF4B-00C04F79EFBC}") = "MusicSynthesis", "MusicSynthesis\MusicSynthesis.csproj", "{529D2C78-0FBC-4BF1-B5AE-F348695546C2}"
EndProject
Project("{FAE04EC0-301F-11D3-BF4B-00C04F79EFBC}") = "MusicSynthesisExperiments", "MusicSynthesisExperiments\MusicSynthesisExperiments.csproj", "{BE03ED7E-6007-43FC-8D4D-3D98FEF7956E}"
EndProject
Project("{2150E333-8FDC-42A3-9474-1A3956D46DE8}") = "Documentation", "Documentation", "{1B62366B-E595-454C-846D-E36240015490}"
	ProjectSection(SolutionItems) = preProject
		Documentation\Generering af release.odt = Documentation\Generering af release.odt
		Documentation\Principper for dokumentation.odt = Documentation\Principper for dokumentation.odt
		Documentation\Sample MusicXmlReader.JCF = Documentation\Sample MusicXmlReader.JCF
	EndProjectSection
EndProject
Project("{FAE04EC0-301F-11D3-BF4B-00C04F79EFBC}") = "BrailleExperiments", "BrailleExperiments\BrailleExperiments.csproj", "{F315C5A3-B1B9-4722-9141-9E4D688BC057}"
EndProject
Project("{FAE04EC0-301F-11D3-BF4B-00C04F79EFBC}") = "BrailleRendererDemo", "BrailleRenderDemo\Braille\BrailleRendererDemo.csproj", "{2AE9A935-67CE-408C-BD67-9F351BF34B17}"
EndProject
Project("{FAE04EC0-301F-11D3-BF4B-00C04F79EFBC}") = "TolkExperiments", "TolkExperiments\TolkExperiments.csproj", "{9BD946A6-0018-4FB6-846B-0B5F9E8E51EF}"
EndProject
Project("{FAE04EC0-301F-11D3-BF4B-00C04F79EFBC}") = "ScreenReaderAPI", "ScreenReaderAPI\ScreenReaderAPI.csproj", "{6444ECF6-7A11-4B21-A31C-EF8E05B0CD32}"
EndProject
Project("{FAE04EC0-301F-11D3-BF4B-00C04F79EFBC}") = "BrailleExperimentsUI", "BrailleExperimentsUI\BrailleExperimentsUI.csproj", "{88E429AB-EF36-4A6D-8FA8-B348CBC5285F}"
EndProject
Project("{FAE04EC0-301F-11D3-BF4B-00C04F79EFBC}") = "MusicXmlReaderModel", "MusicXmlReaderModel\MusicXmlReaderModel.csproj", "{695BF2CE-9955-4D26-B552-2427EE160810}"
EndProject
Project("{FAE04EC0-301F-11D3-BF4B-00C04F79EFBC}") = "MusicXmlReaderCmd", "MusicXmlReaderCmd\MusicXmlReaderCmd.csproj", "{FFA51160-D314-4EDD-A720-1FB2E3A02770}"
EndProject
Project("{FAE04EC0-301F-11D3-BF4B-00C04F79EFBC}") = "MusicXmlReader", "MusicXmlReader\MusicXmlReader.csproj", "{6E0D8239-0AF3-426C-81D3-2E2C155D0848}"
EndProject
Project("{2150E333-8FDC-42A3-9474-1A3956D46DE8}") = "Official Documentation", "Official Documentation", "{A07A01AC-A16A-48D8-9415-555CDA1E37F6}"
	ProjectSection(SolutionItems) = preProject
		Documentation\Official Documentation\Brugervejledning.odt = Documentation\Official Documentation\Brugervejledning.odt
		Documentation\Official Documentation\Installationsvejledning.odt = Documentation\Official Documentation\Installationsvejledning.odt
	EndProjectSection
EndProject
Project("{2150E333-8FDC-42A3-9474-1A3956D46DE8}") = "Release Notes", "Release Notes", "{DC119A17-C15E-403A-9163-4CD93B8F880B}"
	ProjectSection(SolutionItems) = preProject
		Documentation\Official Documentation\Release Notes\Ekstra vejledning til installation af version 0.5.0.0.odt = Documentation\Official Documentation\Release Notes\Ekstra vejledning til installation af version 0.5.0.0.odt
		Documentation\Official Documentation\Release Notes\Release Notes for version 0.5.0.0.odt = Documentation\Official Documentation\Release Notes\Release Notes for version 0.5.0.0.odt
	EndProjectSection
EndProject
Global
	GlobalSection(SolutionConfigurationPlatforms) = preSolution
		Debug|Any CPU = Debug|Any CPU
		Debug|x64 = Debug|x64
		Debug|x86 = Debug|x86
		Release|Any CPU = Release|Any CPU
		Release|x64 = Release|x64
		Release|x86 = Release|x86
	EndGlobalSection
	GlobalSection(ProjectConfigurationPlatforms) = postSolution
		{FF416129-9DB8-4B09-BDA5-0A2867FEBF6C}.Debug|Any CPU.ActiveCfg = Debug|Any CPU
		{FF416129-9DB8-4B09-BDA5-0A2867FEBF6C}.Debug|Any CPU.Build.0 = Debug|Any CPU
		{FF416129-9DB8-4B09-BDA5-0A2867FEBF6C}.Debug|x64.ActiveCfg = Debug|Any CPU
		{FF416129-9DB8-4B09-BDA5-0A2867FEBF6C}.Debug|x64.Build.0 = Debug|Any CPU
		{FF416129-9DB8-4B09-BDA5-0A2867FEBF6C}.Debug|x86.ActiveCfg = Debug|Any CPU
		{FF416129-9DB8-4B09-BDA5-0A2867FEBF6C}.Debug|x86.Build.0 = Debug|Any CPU
		{FF416129-9DB8-4B09-BDA5-0A2867FEBF6C}.Release|Any CPU.ActiveCfg = Release|Any CPU
		{FF416129-9DB8-4B09-BDA5-0A2867FEBF6C}.Release|Any CPU.Build.0 = Release|Any CPU
		{FF416129-9DB8-4B09-BDA5-0A2867FEBF6C}.Release|x64.ActiveCfg = Release|Any CPU
		{FF416129-9DB8-4B09-BDA5-0A2867FEBF6C}.Release|x64.Build.0 = Release|Any CPU
		{FF416129-9DB8-4B09-BDA5-0A2867FEBF6C}.Release|x86.ActiveCfg = Release|Any CPU
		{FF416129-9DB8-4B09-BDA5-0A2867FEBF6C}.Release|x86.Build.0 = Release|Any CPU
		{529D2C78-0FBC-4BF1-B5AE-F348695546C2}.Debug|Any CPU.ActiveCfg = Debug|Any CPU
		{529D2C78-0FBC-4BF1-B5AE-F348695546C2}.Debug|Any CPU.Build.0 = Debug|Any CPU
		{529D2C78-0FBC-4BF1-B5AE-F348695546C2}.Debug|x64.ActiveCfg = Debug|Any CPU
		{529D2C78-0FBC-4BF1-B5AE-F348695546C2}.Debug|x64.Build.0 = Debug|Any CPU
		{529D2C78-0FBC-4BF1-B5AE-F348695546C2}.Debug|x86.ActiveCfg = Debug|Any CPU
		{529D2C78-0FBC-4BF1-B5AE-F348695546C2}.Debug|x86.Build.0 = Debug|Any CPU
		{529D2C78-0FBC-4BF1-B5AE-F348695546C2}.Release|Any CPU.ActiveCfg = Release|Any CPU
		{529D2C78-0FBC-4BF1-B5AE-F348695546C2}.Release|Any CPU.Build.0 = Release|Any CPU
		{529D2C78-0FBC-4BF1-B5AE-F348695546C2}.Release|x64.ActiveCfg = Release|Any CPU
		{529D2C78-0FBC-4BF1-B5AE-F348695546C2}.Release|x64.Build.0 = Release|Any CPU
		{529D2C78-0FBC-4BF1-B5AE-F348695546C2}.Release|x86.ActiveCfg = Release|Any CPU
		{529D2C78-0FBC-4BF1-B5AE-F348695546C2}.Release|x86.Build.0 = Release|Any CPU
		{BE03ED7E-6007-43FC-8D4D-3D98FEF7956E}.Debug|Any CPU.ActiveCfg = Debug|Any CPU
		{BE03ED7E-6007-43FC-8D4D-3D98FEF7956E}.Debug|Any CPU.Build.0 = Debug|Any CPU
		{BE03ED7E-6007-43FC-8D4D-3D98FEF7956E}.Debug|x64.ActiveCfg = Debug|Any CPU
		{BE03ED7E-6007-43FC-8D4D-3D98FEF7956E}.Debug|x64.Build.0 = Debug|Any CPU
		{BE03ED7E-6007-43FC-8D4D-3D98FEF7956E}.Debug|x86.ActiveCfg = Debug|Any CPU
		{BE03ED7E-6007-43FC-8D4D-3D98FEF7956E}.Debug|x86.Build.0 = Debug|Any CPU
		{BE03ED7E-6007-43FC-8D4D-3D98FEF7956E}.Release|Any CPU.ActiveCfg = Release|Any CPU
		{BE03ED7E-6007-43FC-8D4D-3D98FEF7956E}.Release|Any CPU.Build.0 = Release|Any CPU
		{BE03ED7E-6007-43FC-8D4D-3D98FEF7956E}.Release|x64.ActiveCfg = Release|Any CPU
		{BE03ED7E-6007-43FC-8D4D-3D98FEF7956E}.Release|x64.Build.0 = Release|Any CPU
		{BE03ED7E-6007-43FC-8D4D-3D98FEF7956E}.Release|x86.ActiveCfg = Release|Any CPU
		{BE03ED7E-6007-43FC-8D4D-3D98FEF7956E}.Release|x86.Build.0 = Release|Any CPU
		{F315C5A3-B1B9-4722-9141-9E4D688BC057}.Debug|Any CPU.ActiveCfg = Debug|Any CPU
		{F315C5A3-B1B9-4722-9141-9E4D688BC057}.Debug|Any CPU.Build.0 = Debug|Any CPU
		{F315C5A3-B1B9-4722-9141-9E4D688BC057}.Debug|x64.ActiveCfg = Debug|x64
		{F315C5A3-B1B9-4722-9141-9E4D688BC057}.Debug|x64.Build.0 = Debug|x64
		{F315C5A3-B1B9-4722-9141-9E4D688BC057}.Debug|x86.ActiveCfg = Debug|Any CPU
		{F315C5A3-B1B9-4722-9141-9E4D688BC057}.Debug|x86.Build.0 = Debug|Any CPU
		{F315C5A3-B1B9-4722-9141-9E4D688BC057}.Release|Any CPU.ActiveCfg = Release|Any CPU
		{F315C5A3-B1B9-4722-9141-9E4D688BC057}.Release|Any CPU.Build.0 = Release|Any CPU
		{F315C5A3-B1B9-4722-9141-9E4D688BC057}.Release|x64.ActiveCfg = Release|x64
		{F315C5A3-B1B9-4722-9141-9E4D688BC057}.Release|x64.Build.0 = Release|x64
		{F315C5A3-B1B9-4722-9141-9E4D688BC057}.Release|x86.ActiveCfg = Release|Any CPU
		{F315C5A3-B1B9-4722-9141-9E4D688BC057}.Release|x86.Build.0 = Release|Any CPU
		{2AE9A935-67CE-408C-BD67-9F351BF34B17}.Debug|Any CPU.ActiveCfg = Debug|x86
		{2AE9A935-67CE-408C-BD67-9F351BF34B17}.Debug|x64.ActiveCfg = Debug|x86
		{2AE9A935-67CE-408C-BD67-9F351BF34B17}.Debug|x86.ActiveCfg = Debug|x86
		{2AE9A935-67CE-408C-BD67-9F351BF34B17}.Debug|x86.Build.0 = Debug|x86
		{2AE9A935-67CE-408C-BD67-9F351BF34B17}.Release|Any CPU.ActiveCfg = Release|x86
		{2AE9A935-67CE-408C-BD67-9F351BF34B17}.Release|x64.ActiveCfg = Release|x86
		{2AE9A935-67CE-408C-BD67-9F351BF34B17}.Release|x86.ActiveCfg = Release|x86
		{2AE9A935-67CE-408C-BD67-9F351BF34B17}.Release|x86.Build.0 = Release|x86
		{9BD946A6-0018-4FB6-846B-0B5F9E8E51EF}.Debug|Any CPU.ActiveCfg = Debug|Any CPU
		{9BD946A6-0018-4FB6-846B-0B5F9E8E51EF}.Debug|Any CPU.Build.0 = Debug|Any CPU
		{9BD946A6-0018-4FB6-846B-0B5F9E8E51EF}.Debug|x64.ActiveCfg = Debug|x64
		{9BD946A6-0018-4FB6-846B-0B5F9E8E51EF}.Debug|x64.Build.0 = Debug|x64
		{9BD946A6-0018-4FB6-846B-0B5F9E8E51EF}.Debug|x86.ActiveCfg = Debug|Any CPU
		{9BD946A6-0018-4FB6-846B-0B5F9E8E51EF}.Debug|x86.Build.0 = Debug|Any CPU
		{9BD946A6-0018-4FB6-846B-0B5F9E8E51EF}.Release|Any CPU.ActiveCfg = Release|Any CPU
		{9BD946A6-0018-4FB6-846B-0B5F9E8E51EF}.Release|Any CPU.Build.0 = Release|Any CPU
		{9BD946A6-0018-4FB6-846B-0B5F9E8E51EF}.Release|x64.ActiveCfg = Release|Any CPU
		{9BD946A6-0018-4FB6-846B-0B5F9E8E51EF}.Release|x64.Build.0 = Release|Any CPU
		{9BD946A6-0018-4FB6-846B-0B5F9E8E51EF}.Release|x86.ActiveCfg = Release|Any CPU
		{9BD946A6-0018-4FB6-846B-0B5F9E8E51EF}.Release|x86.Build.0 = Release|Any CPU
		{6444ECF6-7A11-4B21-A31C-EF8E05B0CD32}.Debug|Any CPU.ActiveCfg = Debug|Any CPU
		{6444ECF6-7A11-4B21-A31C-EF8E05B0CD32}.Debug|Any CPU.Build.0 = Debug|Any CPU
		{6444ECF6-7A11-4B21-A31C-EF8E05B0CD32}.Debug|x64.ActiveCfg = Debug|Any CPU
		{6444ECF6-7A11-4B21-A31C-EF8E05B0CD32}.Debug|x64.Build.0 = Debug|Any CPU
		{6444ECF6-7A11-4B21-A31C-EF8E05B0CD32}.Debug|x86.ActiveCfg = Debug|Any CPU
		{6444ECF6-7A11-4B21-A31C-EF8E05B0CD32}.Debug|x86.Build.0 = Debug|Any CPU
		{6444ECF6-7A11-4B21-A31C-EF8E05B0CD32}.Release|Any CPU.ActiveCfg = Release|Any CPU
		{6444ECF6-7A11-4B21-A31C-EF8E05B0CD32}.Release|Any CPU.Build.0 = Release|Any CPU
		{6444ECF6-7A11-4B21-A31C-EF8E05B0CD32}.Release|x64.ActiveCfg = Release|Any CPU
		{6444ECF6-7A11-4B21-A31C-EF8E05B0CD32}.Release|x64.Build.0 = Release|Any CPU
		{6444ECF6-7A11-4B21-A31C-EF8E05B0CD32}.Release|x86.ActiveCfg = Release|Any CPU
		{6444ECF6-7A11-4B21-A31C-EF8E05B0CD32}.Release|x86.Build.0 = Release|Any CPU
		{88E429AB-EF36-4A6D-8FA8-B348CBC5285F}.Debug|Any CPU.ActiveCfg = Debug|Any CPU
		{88E429AB-EF36-4A6D-8FA8-B348CBC5285F}.Debug|Any CPU.Build.0 = Debug|Any CPU
		{88E429AB-EF36-4A6D-8FA8-B348CBC5285F}.Debug|x64.ActiveCfg = Debug|Any CPU
		{88E429AB-EF36-4A6D-8FA8-B348CBC5285F}.Debug|x64.Build.0 = Debug|Any CPU
		{88E429AB-EF36-4A6D-8FA8-B348CBC5285F}.Debug|x86.ActiveCfg = Debug|Any CPU
		{88E429AB-EF36-4A6D-8FA8-B348CBC5285F}.Debug|x86.Build.0 = Debug|Any CPU
		{88E429AB-EF36-4A6D-8FA8-B348CBC5285F}.Release|Any CPU.ActiveCfg = Release|Any CPU
		{88E429AB-EF36-4A6D-8FA8-B348CBC5285F}.Release|Any CPU.Build.0 = Release|Any CPU
		{88E429AB-EF36-4A6D-8FA8-B348CBC5285F}.Release|x64.ActiveCfg = Release|Any CPU
		{88E429AB-EF36-4A6D-8FA8-B348CBC5285F}.Release|x64.Build.0 = Release|Any CPU
		{88E429AB-EF36-4A6D-8FA8-B348CBC5285F}.Release|x86.ActiveCfg = Release|Any CPU
		{88E429AB-EF36-4A6D-8FA8-B348CBC5285F}.Release|x86.Build.0 = Release|Any CPU
		{695BF2CE-9955-4D26-B552-2427EE160810}.Debug|Any CPU.ActiveCfg = Debug|Any CPU
		{695BF2CE-9955-4D26-B552-2427EE160810}.Debug|Any CPU.Build.0 = Debug|Any CPU
		{695BF2CE-9955-4D26-B552-2427EE160810}.Debug|x64.ActiveCfg = Debug|Any CPU
		{695BF2CE-9955-4D26-B552-2427EE160810}.Debug|x64.Build.0 = Debug|Any CPU
		{695BF2CE-9955-4D26-B552-2427EE160810}.Debug|x86.ActiveCfg = Debug|Any CPU
		{695BF2CE-9955-4D26-B552-2427EE160810}.Debug|x86.Build.0 = Debug|Any CPU
		{695BF2CE-9955-4D26-B552-2427EE160810}.Release|Any CPU.ActiveCfg = Release|Any CPU
		{695BF2CE-9955-4D26-B552-2427EE160810}.Release|Any CPU.Build.0 = Release|Any CPU
		{695BF2CE-9955-4D26-B552-2427EE160810}.Release|x64.ActiveCfg = Release|Any CPU
		{695BF2CE-9955-4D26-B552-2427EE160810}.Release|x64.Build.0 = Release|Any CPU
		{695BF2CE-9955-4D26-B552-2427EE160810}.Release|x86.ActiveCfg = Release|Any CPU
		{695BF2CE-9955-4D26-B552-2427EE160810}.Release|x86.Build.0 = Release|Any CPU
		{FFA51160-D314-4EDD-A720-1FB2E3A02770}.Debug|Any CPU.ActiveCfg = Debug|Any CPU
		{FFA51160-D314-4EDD-A720-1FB2E3A02770}.Debug|Any CPU.Build.0 = Debug|Any CPU
		{FFA51160-D314-4EDD-A720-1FB2E3A02770}.Debug|x64.ActiveCfg = Debug|Any CPU
		{FFA51160-D314-4EDD-A720-1FB2E3A02770}.Debug|x64.Build.0 = Debug|Any CPU
		{FFA51160-D314-4EDD-A720-1FB2E3A02770}.Debug|x86.ActiveCfg = Debug|Any CPU
		{FFA51160-D314-4EDD-A720-1FB2E3A02770}.Debug|x86.Build.0 = Debug|Any CPU
		{FFA51160-D314-4EDD-A720-1FB2E3A02770}.Release|Any CPU.ActiveCfg = Release|Any CPU
		{FFA51160-D314-4EDD-A720-1FB2E3A02770}.Release|Any CPU.Build.0 = Release|Any CPU
		{FFA51160-D314-4EDD-A720-1FB2E3A02770}.Release|x64.ActiveCfg = Release|Any CPU
		{FFA51160-D314-4EDD-A720-1FB2E3A02770}.Release|x64.Build.0 = Release|Any CPU
		{FFA51160-D314-4EDD-A720-1FB2E3A02770}.Release|x86.ActiveCfg = Release|Any CPU
		{FFA51160-D314-4EDD-A720-1FB2E3A02770}.Release|x86.Build.0 = Release|Any CPU
		{6E0D8239-0AF3-426C-81D3-2E2C155D0848}.Debug|Any CPU.ActiveCfg = Debug|Any CPU
		{6E0D8239-0AF3-426C-81D3-2E2C155D0848}.Debug|Any CPU.Build.0 = Debug|Any CPU
		{6E0D8239-0AF3-426C-81D3-2E2C155D0848}.Debug|x64.ActiveCfg = Debug|Any CPU
		{6E0D8239-0AF3-426C-81D3-2E2C155D0848}.Debug|x64.Build.0 = Debug|Any CPU
		{6E0D8239-0AF3-426C-81D3-2E2C155D0848}.Debug|x86.ActiveCfg = Debug|Any CPU
		{6E0D8239-0AF3-426C-81D3-2E2C155D0848}.Debug|x86.Build.0 = Debug|Any CPU
		{6E0D8239-0AF3-426C-81D3-2E2C155D0848}.Release|Any CPU.ActiveCfg = Release|Any CPU
		{6E0D8239-0AF3-426C-81D3-2E2C155D0848}.Release|Any CPU.Build.0 = Release|Any CPU
		{6E0D8239-0AF3-426C-81D3-2E2C155D0848}.Release|x64.ActiveCfg = Release|Any CPU
		{6E0D8239-0AF3-426C-81D3-2E2C155D0848}.Release|x64.Build.0 = Release|Any CPU
		{6E0D8239-0AF3-426C-81D3-2E2C155D0848}.Release|x86.ActiveCfg = Release|Any CPU
		{6E0D8239-0AF3-426C-81D3-2E2C155D0848}.Release|x86.Build.0 = Release|Any CPU
	EndGlobalSection
	GlobalSection(SolutionProperties) = preSolution
		HideSolutionNode = FALSE
	EndGlobalSection
	GlobalSection(NestedProjects) = preSolution
		{A07A01AC-A16A-48D8-9415-555CDA1E37F6} = {1B62366B-E595-454C-846D-E36240015490}
		{DC119A17-C15E-403A-9163-4CD93B8F880B} = {A07A01AC-A16A-48D8-9415-555CDA1E37F6}
	EndGlobalSection
EndGlobal
