
Microsoft Visual Studio Solution File, Format Version 12.00
# Visual Studio 14
VisualStudioVersion = 14.0.25420.1
MinimumVisualStudioVersion = 10.0.40219.1
Project("{FAE04EC0-301F-11D3-BF4B-00C04F79EFBC}") = "MusicSynthesis", "MusicSynthesis\MusicSynthesis.csproj", "{529D2C78-0FBC-4BF1-B5AE-F348695546C2}"
EndProject
Project("{2150E333-8FDC-42A3-9474-1A3956D46DE8}") = "Documentation", "Documentation", "{1B62366B-E595-454C-846D-E36240015490}"
	ProjectSection(SolutionItems) = preProject
		Documentation\Changes in source code with respect to version 3.0.0.0.doc = Documentation\Changes in source code with respect to version 3.0.0.0.doc
		Documentation\Files changed during merge.txt = Documentation\Files changed during merge.txt
		Documentation\Forslag til tekst til hjemmeside.odt = Documentation\Forslag til tekst til hjemmeside.odt
		Documentation\Generering af release 3.0.0.0.doc = Documentation\Generering af release 3.0.0.0.doc
		Documentation\Generering af release 4.0.0.0.docx = Documentation\Generering af release 4.0.0.0.docx
		Documentation\Generering af release.odt = Documentation\Generering af release.odt
		Documentation\IBOS MusicXmlReader architechture.docx = Documentation\IBOS MusicXmlReader architechture.docx
		Documentation\icon.ico = Documentation\icon.ico
		Documentation\Installed files for version 4.0.0.0.docx = Documentation\Installed files for version 4.0.0.0.docx
		Documentation\Log for development of version 4.0.0.0.odt = Documentation\Log for development of version 4.0.0.0.odt
		Documentation\Log for development of version 5.0.0.0.docx = Documentation\Log for development of version 5.0.0.0.docx
		Mail to Index Braille november 2019.txt = Mail to Index Braille november 2019.txt
		Documentation\Overordnet programdokumentation.odt = Documentation\Overordnet programdokumentation.odt
		Documentation\Principper for dokumentation.odt = Documentation\Principper for dokumentation.odt
		Documentation\Sample MusicXmlReader.JCF = Documentation\Sample MusicXmlReader.JCF
		Documentation\Simple becifringer.odt = Documentation\Simple becifringer.odt
		Documentation\TODo liste. Gældende version.xls = Documentation\TODo liste. Gældende version.xls
		Visual Studio Licens.txt = Visual Studio Licens.txt
		Documentation\WWW Links to relevant Music BRaille documents.txt = Documentation\WWW Links to relevant Music BRaille documents.txt
	EndProjectSection
EndProject
Project("{FAE04EC0-301F-11D3-BF4B-00C04F79EFBC}") = "ScreenReaderAPI", "ScreenReaderAPI\ScreenReaderAPI.csproj", "{6444ECF6-7A11-4B21-A31C-EF8E05B0CD32}"
EndProject
Project("{FAE04EC0-301F-11D3-BF4B-00C04F79EFBC}") = "MusicXmlReaderModel", "MusicXmlReaderModel\MusicXmlReaderModel.csproj", "{695BF2CE-9955-4D26-B552-2427EE160810}"
EndProject
Project("{FAE04EC0-301F-11D3-BF4B-00C04F79EFBC}") = "MusicXmlReaderCmd", "MusicXmlReaderCmd\MusicXmlReaderCmd.csproj", "{FFA51160-D314-4EDD-A720-1FB2E3A02770}"
EndProject
Project("{FAE04EC0-301F-11D3-BF4B-00C04F79EFBC}") = "MusicXmlReader", "MusicXmlReader\MusicXmlReader.csproj", "{6E0D8239-0AF3-426C-81D3-2E2C155D0848}"
	ProjectSection(ProjectDependencies) = postProject
		{27A3D41B-569A-480A-9E30-413102B8E386} = {27A3D41B-569A-480A-9E30-413102B8E386}
	EndProjectSection
EndProject
Project("{2150E333-8FDC-42A3-9474-1A3956D46DE8}") = "Official Documentation", "Official Documentation", "{A07A01AC-A16A-48D8-9415-555CDA1E37F6}"
	ProjectSection(SolutionItems) = preProject
		Documentation\Official Documentation\Brugervejledning for IBOS Nodelæser version 1.1.0.0.doc = Documentation\Official Documentation\Brugervejledning for IBOS Nodelæser version 1.1.0.0.doc
		Documentation\Official Documentation\Brugervejledning for IBOS Nodelæser version 2.0.0.0.doc = Documentation\Official Documentation\Brugervejledning for IBOS Nodelæser version 2.0.0.0.doc
		Documentation\Official Documentation\Brugervejledning for IBOS Nodelæser version 2.7.0.0.doc = Documentation\Official Documentation\Brugervejledning for IBOS Nodelæser version 2.7.0.0.doc
		Documentation\Official Documentation\Brugervejledning for IBOS Nodelæser version 2.8.0.0.doc = Documentation\Official Documentation\Brugervejledning for IBOS Nodelæser version 2.8.0.0.doc
		Documentation\Official Documentation\Brugervejledning for IBOS Nodelæser version 3.0.0.0.doc = Documentation\Official Documentation\Brugervejledning for IBOS Nodelæser version 3.0.0.0.doc
		Documentation\Official Documentation\Brugervejledning for IBOS Nodelæser version 4.0.0.0.docx = Documentation\Official Documentation\Brugervejledning for IBOS Nodelæser version 4.0.0.0.docx
		Documentation\Official Documentation\Brugervejledning for IBOS Nodelæser version 5.0.0.0.docx = Documentation\Official Documentation\Brugervejledning for IBOS Nodelæser version 5.0.0.0.docx
		Documentation\Official Documentation\Brugervejledning for IBOS Nodelæser.odt = Documentation\Official Documentation\Brugervejledning for IBOS Nodelæser.odt
		Documentation\Official Documentation\Gebruikershandleiding voor IBOS XML muzieklezer versie 4.0.0.0.docx = Documentation\Official Documentation\Gebruikershandleiding voor IBOS XML muzieklezer versie 4.0.0.0.docx
		Documentation\Official Documentation\Installation guide for IBOS MusicXmlReader version 2.0.0.0.doc = Documentation\Official Documentation\Installation guide for IBOS MusicXmlReader version 2.0.0.0.doc
		Documentation\Official Documentation\Installation guide for IBOS MusicXmlReader version 3.0.0.0.doc = Documentation\Official Documentation\Installation guide for IBOS MusicXmlReader version 3.0.0.0.doc
		Documentation\Official Documentation\Installationsvejledning for IBOS Nodelæser version 2.0.0.0.doc = Documentation\Official Documentation\Installationsvejledning for IBOS Nodelæser version 2.0.0.0.doc
		Documentation\Official Documentation\Installationsvejledning for IBOS Nodelæser version 3.0.0.0.doc = Documentation\Official Documentation\Installationsvejledning for IBOS Nodelæser version 3.0.0.0.doc
		Documentation\Official Documentation\Installationsvejledning for IBOS Nodelæser version 4.0.0.0.docx = Documentation\Official Documentation\Installationsvejledning for IBOS Nodelæser version 4.0.0.0.docx
		Documentation\Official Documentation\Installationsvejledning for IBOS Nodelæser version 5.0.0.0.docx = Documentation\Official Documentation\Installationsvejledning for IBOS Nodelæser version 5.0.0.0.docx
		Documentation\Official Documentation\Installationsvejledning for IBOS Nodelæser.doc = Documentation\Official Documentation\Installationsvejledning for IBOS Nodelæser.doc
		Documentation\Official Documentation\Installationsvejledning for IBOS Nodelæser.odt = Documentation\Official Documentation\Installationsvejledning for IBOS Nodelæser.odt
		Documentation\Official Documentation\User's manual for IBOS MusicXmlReader version 1.1.0.0.doc = Documentation\Official Documentation\User's manual for IBOS MusicXmlReader version 1.1.0.0.doc
		Documentation\Official Documentation\User's manual for IBOS MusicXmlReader version 2.0.0.0.doc = Documentation\Official Documentation\User's manual for IBOS MusicXmlReader version 2.0.0.0.doc
		Documentation\Official Documentation\User's manual for IBOS MusicXmlReader version 3.0.0.0.doc = Documentation\Official Documentation\User's manual for IBOS MusicXmlReader version 3.0.0.0.doc
		Documentation\Official Documentation\User's manual for IBOS MusicXmlReader version 4.0.0.0.docx = Documentation\Official Documentation\User's manual for IBOS MusicXmlReader version 4.0.0.0.docx
	EndProjectSection
EndProject
Project("{2150E333-8FDC-42A3-9474-1A3956D46DE8}") = "Release Notes", "Release Notes", "{DC119A17-C15E-403A-9163-4CD93B8F880B}"
	ProjectSection(SolutionItems) = preProject
		Documentation\Official Documentation\Brugervejledning for IBOS Nodelæser version 2.0.0.0.doc = Documentation\Official Documentation\Brugervejledning for IBOS Nodelæser version 2.0.0.0.doc
		Documentation\Official Documentation\Release Notes\Ekstra vejledning til installation af version 0.5.0.0.odt = Documentation\Official Documentation\Release Notes\Ekstra vejledning til installation af version 0.5.0.0.odt
		Documentation\Official Documentation\Release Notes\Release Notes for IBOS MusicXmlReader version 2.0.0.0.doc = Documentation\Official Documentation\Release Notes\Release Notes for IBOS MusicXmlReader version 2.0.0.0.doc
		Documentation\Official Documentation\Release Notes\Release Notes for IBOS MusicXmlReader version 2.5.0.0.doc = Documentation\Official Documentation\Release Notes\Release Notes for IBOS MusicXmlReader version 2.5.0.0.doc
		Documentation\Official Documentation\Release Notes\Release Notes for IBOS MusicXmlReader version 2.6.0.0.doc = Documentation\Official Documentation\Release Notes\Release Notes for IBOS MusicXmlReader version 2.6.0.0.doc
		Documentation\Official Documentation\Release Notes\Release Notes for IBOS MusicXmlReader version 2.7.0.0.doc = Documentation\Official Documentation\Release Notes\Release Notes for IBOS MusicXmlReader version 2.7.0.0.doc
		Documentation\Official Documentation\Release Notes\Release Notes for IBOS MusicXmlReader version 2.8.0.0.doc = Documentation\Official Documentation\Release Notes\Release Notes for IBOS MusicXmlReader version 2.8.0.0.doc
		Documentation\Official Documentation\Release Notes\Release Notes for IBOS MusicXmlReader version 3.0.0.0.doc = Documentation\Official Documentation\Release Notes\Release Notes for IBOS MusicXmlReader version 3.0.0.0.doc
		Documentation\Official Documentation\Release Notes\Release Notes for IBOS MusicXmlReader version 4.0.0.0.docx = Documentation\Official Documentation\Release Notes\Release Notes for IBOS MusicXmlReader version 4.0.0.0.docx
		Documentation\Official Documentation\Release Notes\Release Notes for IBOS MusicXmlReader version 5.0.0.0.docx = Documentation\Official Documentation\Release Notes\Release Notes for IBOS MusicXmlReader version 5.0.0.0.docx
		Documentation\Official Documentation\Release Notes\Release Notes for IBOS Nodelæser version 2.0.0.0.doc = Documentation\Official Documentation\Release Notes\Release Notes for IBOS Nodelæser version 2.0.0.0.doc
		Documentation\Official Documentation\Release Notes\Release Notes for IBOS Nodelæser version 3.0.0.0.doc = Documentation\Official Documentation\Release Notes\Release Notes for IBOS Nodelæser version 3.0.0.0.doc
		Documentation\Official Documentation\Release Notes\Release Notes for IBOS Nodelæser version 4.0.0.0.docx = Documentation\Official Documentation\Release Notes\Release Notes for IBOS Nodelæser version 4.0.0.0.docx
		Documentation\Official Documentation\Release Notes\Release Notes for IBOS Nodelæser version 4.1.0.0.docx = Documentation\Official Documentation\Release Notes\Release Notes for IBOS Nodelæser version 4.1.0.0.docx
		Documentation\Official Documentation\Release Notes\Release Notes for IBOS Nodelæser version 5.0.0.0.docx = Documentation\Official Documentation\Release Notes\Release Notes for IBOS Nodelæser version 5.0.0.0.docx
		Documentation\Official Documentation\Release Notes\Release Notes for version 0.5.0.0.odt = Documentation\Official Documentation\Release Notes\Release Notes for version 0.5.0.0.odt
		Documentation\Official Documentation\Release Notes\Release Notes for version 0.6.0.0.odt = Documentation\Official Documentation\Release Notes\Release Notes for version 0.6.0.0.odt
		Documentation\Official Documentation\Release Notes\Release Notes for version 0.7.0.0.odt = Documentation\Official Documentation\Release Notes\Release Notes for version 0.7.0.0.odt
		Documentation\Official Documentation\Release Notes\Release Notes for version 1.0.0.0.odt = Documentation\Official Documentation\Release Notes\Release Notes for version 1.0.0.0.odt
		Documentation\Official Documentation\Release Notes\Release Notes for version 1.0.5.0.odt = Documentation\Official Documentation\Release Notes\Release Notes for version 1.0.5.0.odt
		Documentation\Official Documentation\Release Notes\Release Notes for version 1.1.0.0.doc = Documentation\Official Documentation\Release Notes\Release Notes for version 1.1.0.0.doc
	EndProjectSection
EndProject
Project("{FAE04EC0-301F-11D3-BF4B-00C04F79EFBC}") = "PlatformDependencies", "PlatformDependencies\PlatformDependencies.csproj", "{5C29F3B2-FE9D-4306-98D6-00D3730D8EBC}"
EndProject
Project("{FAE04EC0-301F-11D3-BF4B-00C04F79EFBC}") = "TestSheetBuilder", "TestSheetBuilder\TestSheetBuilder.csproj", "{A074C7D4-51E9-4A25-A115-36C802556C91}"
EndProject
Project("{FAE04EC0-301F-11D3-BF4B-00C04F79EFBC}") = "KeyboardTest", "KeyboardTest\KeyboardTest.csproj", "{2CB35E0F-ECC0-4344-A55E-E74CA5C9A28D}"
EndProject
Project("{FAE04EC0-301F-11D3-BF4B-00C04F79EFBC}") = "KeyboardTestSupport", "KeyboardTestSupport\KeyboardTestSupport.csproj", "{AAFF9629-680D-478E-9541-871CEFEB7FD2}"
EndProject
Project("{FAE04EC0-301F-11D3-BF4B-00C04F79EFBC}") = "KeyboardDemo", "KeyboardDemo\KeyboardDemo.csproj", "{DF2ABC03-3595-4EE8-80EB-7E7D42B47E13}"
EndProject
Project("{FAE04EC0-301F-11D3-BF4B-00C04F79EFBC}") = "SpreadsheetGenerator", "SpreadsheetGenerator\SpreadsheetGenerator.csproj", "{47C312F7-94E8-45D9-8388-2DBDB1E94B21}"
EndProject
Project("{2150E333-8FDC-42A3-9474-1A3956D46DE8}") = "Test reports", "Test reports", "{79DD0BA3-6AD9-4599-B8D4-1D09CC2CE379}"
	ProjectSection(SolutionItems) = preProject
		Link to all mails describing test of 2.7 to 3.0.txt = Link to all mails describing test of 2.7 to 3.0.txt
	EndProjectSection
EndProject
Project("{2150E333-8FDC-42A3-9474-1A3956D46DE8}") = "2.7.0.0", "2.7.0.0", "{7E403006-D108-4DC6-9508-5900C36157E6}"
	ProjectSection(SolutionItems) = preProject
		Documentation\Test reports\2.7.0.0\Fjernelse af Re_ 3 af 171.eml = Documentation\Test reports\2.7.0.0\Fjernelse af Re_ 3 af 171.eml
		Documentation\Test reports\2.7.0.0\Friske kommentarer fra Susanne og Ole.eml = Documentation\Test reports\2.7.0.0\Friske kommentarer fra Susanne og Ole.eml
		Documentation\Test reports\2.7.0.0\Indhold af mail fra Susanne 2018.11.22 og JSJs kommentarer  .doc = Documentation\Test reports\2.7.0.0\Indhold af mail fra Susanne 2018.11.22 og JSJs kommentarer  .doc
		Documentation\Test reports\2.7.0.0\Re_ Friske kommentarer fra Susanne og Ole.eml = Documentation\Test reports\2.7.0.0\Re_ Friske kommentarer fra Susanne og Ole.eml
		Documentation\Test reports\2.7.0.0\Re_ JAWS bliver tavs i 2_7_0_0.eml = Documentation\Test reports\2.7.0.0\Re_ JAWS bliver tavs i 2_7_0_0.eml
		Documentation\Test reports\2.7.0.0\Susanne og ole 21.docx = Documentation\Test reports\2.7.0.0\Susanne og ole 21.docx
		Documentation\Test reports\2.7.0.0\svTest af IBOS MusicXmlREader 2_8_0_0 kommentarer til kun release notes og brugervejledning.eml = Documentation\Test reports\2.7.0.0\svTest af IBOS MusicXmlREader 2_8_0_0 kommentarer til kun release notes og brugervejledning.eml
	EndProjectSection
EndProject
Project("{2150E333-8FDC-42A3-9474-1A3956D46DE8}") = "2.8.0.0", "2.8.0.0", "{C6B6B125-56D2-47E9-8D42-4281D44E5BAB}"
	ProjectSection(SolutionItems) = preProject
		Documentation\Test reports\2.8.0.0\Mail fra Susanne som dokument.doc = Documentation\Test reports\2.8.0.0\Mail fra Susanne som dokument.doc
	EndProjectSection
EndProject
Project("{FAE04EC0-301F-11D3-BF4B-00C04F79EFBC}") = "BrailleMusicDecoder", "BrailleMusicDecoder\BrailleMusicDecoder.csproj", "{27A3D41B-569A-480A-9E30-413102B8E386}"
EndProject
Project("{FAE04EC0-301F-11D3-BF4B-00C04F79EFBC}") = "RawPrinterHelper", "RawPrinterHelper\RawPrinterHelper.csproj", "{2A7ADC67-2A98-43D7-A822-25EAB19F401D}"
EndProject
Project("{2150E333-8FDC-42A3-9474-1A3956D46DE8}") = "Third Party Documentation", "Third Party Documentation", "{DCD9E9C9-E80A-4979-ABD9-0E19AB23E73B}"
	ProjectSection(SolutionItems) = preProject
		Documentation\Braille Sense U2 brugermanual(Ver 8 5_dk).docx = Documentation\Braille Sense U2 brugermanual(Ver 8 5_dk).docx
		Documentation\da-ansi8.dis = Documentation\da-ansi8.dis
		Documentation\Third party documentation\Index Braille\Index-Printer-Interface-Protocol-V5_V4-2016-05-13.pdf = Documentation\Third party documentation\Index Braille\Index-Printer-Interface-Protocol-V5_V4-2016-05-13.pdf
	EndProjectSection
EndProject
Project("{2150E333-8FDC-42A3-9474-1A3956D46DE8}") = "Test descriptions", "Test descriptions", "{A4CA3C5D-13DF-45A2-8AA6-992E83AE9C1C}"
EndProject
Project("{2150E333-8FDC-42A3-9474-1A3956D46DE8}") = "Version 3.3", "Version 3.3", "{3B46914E-71C8-49D7-B733-DB73A6C95801}"
	ProjectSection(SolutionItems) = preProject
		Documentation\Test descriptions\Version 3.3\Test af version 3.3.docx = Documentation\Test descriptions\Version 3.3\Test af version 3.3.docx
	EndProjectSection
EndProject
Project("{2150E333-8FDC-42A3-9474-1A3956D46DE8}") = "3.3.0.0", "3.3.0.0", "{26457B1A-7F39-4EC9-BA9A-1D97D88C981B}"
	ProjectSection(SolutionItems) = preProject
		Documentation\TEst reports\3.3\Menu teksten from Corine and Bert.docx = Documentation\TEst reports\3.3\Menu teksten from Corine and Bert.docx
		Documentation\TEst reports\3.3\More Menu teksten from Corine and Bert.docx = Documentation\TEst reports\3.3\More Menu teksten from Corine and Bert.docx
		Documentation\TEst reports\3.3\SN.2020.+1.04.SV_ SV_ Sender_ Maria gennem torne går Sopran Alt Tenor Bas_musicxml.eml = Documentation\TEst reports\3.3\SN.2020.+1.04.SV_ SV_ Sender_ Maria gennem torne går Sopran Alt Tenor Bas_musicxml.eml
		Documentation\TEst reports\3.3\SN.2020.01.03.SV_ Sender_ Maria gennem torne går Sopran Alt Tenor Bas_musicxml.eml = Documentation\TEst reports\3.3\SN.2020.01.03.SV_ Sender_ Maria gennem torne går Sopran Alt Tenor Bas_musicxml.eml
		Documentation\TEst reports\3.3\SN.2020.01.03.Test nodelæser 3_3 tænk hvis jeg sad på månen og Maria gennem torne går test 1 til og med test 5 bistemmer og intervaller bana 2015.eml = Documentation\TEst reports\3.3\SN.2020.01.03.Test nodelæser 3_3 tænk hvis jeg sad på månen og Maria gennem torne går test 1 til og med test 5 bistemmer og intervaller bana 2015.eml
		Documentation\TEst reports\3.3\SN.2020.01.05.Test 6 og 7 Ibos Nodeopstilling.eml = Documentation\TEst reports\3.3\SN.2020.01.05.Test 6 og 7 Ibos Nodeopstilling.eml
		Documentation\TEst reports\3.3\SN.2020.01.06.Test 8 til 10 nodelæseren 3_3.eml = Documentation\TEst reports\3.3\SN.2020.01.06.Test 8 til 10 nodelæseren 3_3.eml
		Documentation\TEst reports\3.3\Test af version 3.3 sus kommentar.doc = Documentation\TEst reports\3.3\Test af version 3.3 sus kommentar.doc
		Documentation\TEst reports\3.3\Test Ibos nodelæser 3 3 kommentarer Susanne 3 januar.2020 Test1-5.docx = Documentation\TEst reports\3.3\Test Ibos nodelæser 3 3 kommentarer Susanne 3 januar.2020 Test1-5.docx
		Documentation\TEst reports\3.3\Test Ibos nodelæser 3 3 kommentarer Susanne 4 januar.2020 Test6-7.docx = Documentation\TEst reports\3.3\Test Ibos nodelæser 3 3 kommentarer Susanne 4 januar.2020 Test6-7.docx
		Documentation\TEst reports\3.3\Test Ibos nodelæser 3 3 kommentarer Susanne 5 januar.2020 Test8-9a.docx = Documentation\TEst reports\3.3\Test Ibos nodelæser 3 3 kommentarer Susanne 5 januar.2020 Test8-9a.docx
	EndProjectSection
EndProject
Project("{2150E333-8FDC-42A3-9474-1A3956D46DE8}") = "3.4.0.0", "3.4.0.0", "{71A815E3-AC56-44E2-88DE-DD6D5BC94CDC}"
	ProjectSection(SolutionItems) = preProject
		Documentation\TEst reports\3.4.0.0\LP 2020.01.20 SV_ Til test af SA og BT.eml = Documentation\TEst reports\3.4.0.0\LP 2020.01.20 SV_ Til test af SA og BT.eml
		Documentation\TEst reports\3.4.0.0\SN 2020.01.20.SV_ Test af IBOS NOdelæser Beta 3_4.eml = Documentation\TEst reports\3.4.0.0\SN 2020.01.20.SV_ Test af IBOS NOdelæser Beta 3_4.eml
	EndProjectSection
EndProject
Project("{2150E333-8FDC-42A3-9474-1A3956D46DE8}") = "Autogenerated Help", "Autogenerated Help", "{18EB72DC-34CC-4A22-81CF-9E148218AFA1}"
EndProject
Project("{2150E333-8FDC-42A3-9474-1A3956D46DE8}") = "nl-NL", "nl-NL", "{321BD5D7-5E95-48B3-816F-6468AB9AA91C}"
	ProjectSection(SolutionItems) = preProject
		Documentation\Official Documentation\Autogenerated Help\nl-NL\Shortcuts.txt = Documentation\Official Documentation\Autogenerated Help\nl-NL\Shortcuts.txt
	EndProjectSection
EndProject
Project("{FAE04EC0-301F-11D3-BF4B-00C04F79EFBC}") = "ReleaseTools", "ReleaseTools\ReleaseTools.csproj", "{EC0E7D03-CD19-441A-BE9F-7B2C4CE4FD0B}"
EndProject
Project("{2150E333-8FDC-42A3-9474-1A3956D46DE8}") = "Obsolete", "Obsolete", "{9411AA85-F4B9-48DE-868E-F80F36FD3E31}"
	ProjectSection(SolutionItems) = preProject
		Documentation\Obsolete TODo liste. Genereret fra odt 2017.03.23.ods = Documentation\Obsolete TODo liste. Genereret fra odt 2017.03.23.ods
		Documentation\Obsolete TODo liste.Genereret fra ods 2017.03.23.xls = Documentation\Obsolete TODo liste.Genereret fra ods 2017.03.23.xls
		Documentation\Obsolete ToDo liste.odt = Documentation\Obsolete ToDo liste.odt
	EndProjectSection
EndProject
Project("{FAE04EC0-301F-11D3-BF4B-00C04F79EFBC}") = "MusicXmlReaderModelBase", "MusicXmlReaderModelBase\MusicXmlReaderModelBase.csproj", "{0D994560-FF94-4A4B-B150-647D76432DE1}"
EndProject
Project("{2150E333-8FDC-42A3-9474-1A3956D46DE8}") = "Tools", "Tools", "{C1041149-C48D-48E9-A534-871DEB3D1360}"
	ProjectSection(SolutionItems) = preProject
		Tools\VS_FileCompare.cmd = Tools\VS_FileCompare.cmd
	EndProjectSection
EndProject
Project("{FAE04EC0-301F-11D3-BF4B-00C04F79EFBC}") = "LocalizationAnalyzer", "LocalizationAnalyzer\LocalizationAnalyzer.csproj", "{B177FA70-5C5A-462C-9B55-D2F9C197EFA0}"
EndProject
Project("{FAE04EC0-301F-11D3-BF4B-00C04F79EFBC}") = "MusicBrailleReader", "MusicBrailleReader\MusicBrailleReader.csproj", "{D6A09AA1-49E9-499F-A100-87D15C28C072}"
EndProject
Project("{FAE04EC0-301F-11D3-BF4B-00C04F79EFBC}") = "MusicBrailleToMusicXmlCmd", "MusicBrailleToMusicXmlCmd\MusicBrailleToMusicXmlCmd.csproj", "{753B8133-0F2E-43BE-B5C9-B33A6E9A39AD}"
EndProject
Project("{FAE04EC0-301F-11D3-BF4B-00C04F79EFBC}") = "UiAccessibilityModel", "UiAccessibilityModel\UiAccessibilityModel.csproj", "{165F2EE0-8852-40C3-9EF0-B7EE6B6314B3}"
EndProject
Project("{2150E333-8FDC-42A3-9474-1A3956D46DE8}") = "External Localization", "External Localization", "{2FD59EAC-45B9-47D1-996B-451A5CD77E3B}"
EndProject
Project("{2150E333-8FDC-42A3-9474-1A3956D46DE8}") = "Common .xls files", "Common .xls files", "{7F826991-DD7B-45CA-8D5C-F3CF81676604}"
	ProjectSection(SolutionItems) = preProject
		External Localization\Common .xls files\ReadMe.txt = External Localization\Common .xls files\ReadMe.txt
		External Localization\Common .xls files\ResourcesForBrailleMusicDecoder.xls = External Localization\Common .xls files\ResourcesForBrailleMusicDecoder.xls
		External Localization\Common .xls files\ResourcesForHelp.xls = External Localization\Common .xls files\ResourcesForHelp.xls
		External Localization\Common .xls files\ResourcesForModel.xls = External Localization\Common .xls files\ResourcesForModel.xls
		External Localization\Common .xls files\ResourcesForMusicSynthesis.xls = External Localization\Common .xls files\ResourcesForMusicSynthesis.xls
		External Localization\Common .xls files\ResourcesForSettings.xls = External Localization\Common .xls files\ResourcesForSettings.xls
		External Localization\Common .xls files\ResourcesForUI.xls = External Localization\Common .xls files\ResourcesForUI.xls
	EndProjectSection
EndProject
Project("{2150E333-8FDC-42A3-9474-1A3956D46DE8}") = "ko-KR", "ko-KR", "{8A61E204-30A4-4D7F-BE0F-E0416E9E5309}"
	ProjectSection(SolutionItems) = preProject
		External Localization\ko-KR\ResourcesForUI.ko-KR.xls = External Localization\ko-KR\ResourcesForUI.ko-KR.xls
	EndProjectSection
EndProject
Project("{2150E333-8FDC-42A3-9474-1A3956D46DE8}") = "ru-RU", "ru-RU", "{CC42C5D1-FC48-472D-BFE8-2B90F05DBFFA}"
	ProjectSection(SolutionItems) = preProject
		External Localization\ru-RU\ResourcesForUI.ru-RU.xls = External Localization\ru-RU\ResourcesForUI.ru-RU.xls
	EndProjectSection
EndProject
Project("{2150E333-8FDC-42A3-9474-1A3956D46DE8}") = "Mails from external partners", "Mails from external partners", "{E3B5D502-F5EC-4468-AF2C-78DC19D85093}"
	ProjectSection(SolutionItems) = preProject
		Documentation\External partners\Egen mail omhandlende Mark Sabatella og Musescore forum.eml = Documentation\External partners\Egen mail omhandlende Mark Sabatella og Musescore forum.eml
		Documentation\External partners\External partners.docx = Documentation\External partners\External partners.docx
		Documentation\External partners\Mail from Corinne and Bert 2020.01.29.eml = Documentation\External partners\Mail from Corinne and Bert 2020.01.29.eml
		Documentation\External partners\Mail from Corinne and Bert 2020.02.24.eml = Documentation\External partners\Mail from Corinne and Bert 2020.02.24.eml
		Documentation\External partners\Mail from David Loberg Code.2020.12.xx.eml = Documentation\External partners\Mail from David Loberg Code.2020.12.xx.eml
		Documentation\External partners\Mail from Henning Pedersen Hundested 2021.03.25.eml = Documentation\External partners\Mail from Henning Pedersen Hundested 2021.03.25.eml
		Documentation\External partners\Mail from Pablo Rodrigues.2020.08.03.eml = Documentation\External partners\Mail from Pablo Rodrigues.2020.08.03.eml
		Documentation\External partners\Mail from Theo van der Greft.2020.09.07.eml = Documentation\External partners\Mail from Theo van der Greft.2020.09.07.eml
		Documentation\External partners\Mail from Theo van der Greft.2020.10.01.eml = Documentation\External partners\Mail from Theo van der Greft.2020.10.01.eml
		Documentation\External partners\Mail from Vladislaw Buyalski.2020.02.23.eml = Documentation\External partners\Mail from Vladislaw Buyalski.2020.02.23.eml
	EndProjectSection
EndProject
Project("{2150E333-8FDC-42A3-9474-1A3956D46DE8}") = "Materiale til brug ved fondsansøgninger", "Materiale til brug ved fondsansøgninger", "{80127C2C-AB28-4873-8243-11ED5C63EDBD}"
	ProjectSection(SolutionItems) = preProject
		Documentation\Materiale til brug ved fondsansøgninger\Ansøgning Johan Otto Wroblewskis Legat KHA2.docx = Documentation\Materiale til brug ved fondsansøgninger\Ansøgning Johan Otto Wroblewskis Legat KHA2.docx
		Documentation\Materiale til brug ved fondsansøgninger\Emner til Wroblewski Fond.ReadMe.txt = Documentation\Materiale til brug ved fondsansøgninger\Emner til Wroblewski Fond.ReadMe.txt
		Documentation\Materiale til brug ved fondsansøgninger\Emner til Wroblewski Fond.txt = Documentation\Materiale til brug ved fondsansøgninger\Emner til Wroblewski Fond.txt
		Documentation\Materiale til brug ved fondsansøgninger\Susanne Nolsøes Udkast Bilag til Johns referat møde om ibos nodelæser prioritering af arbejdsindsats 26 februar 2021.docx = Documentation\Materiale til brug ved fondsansøgninger\Susanne Nolsøes Udkast Bilag til Johns referat møde om ibos nodelæser prioritering af arbejdsindsats 26 februar 2021.docx
	EndProjectSection
EndProject
Project("{2150E333-8FDC-42A3-9474-1A3956D46DE8}") = "Version 4.1", "Version 4.1", "{183B8079-580D-41A2-B3DF-D8460B19A600}"
	ProjectSection(SolutionItems) = preProject
		Documentation\Test descriptions\Version 4.1\Brugervejledning for IBOS Punktnodelæser.v4.1.docx = Documentation\Test descriptions\Version 4.1\Brugervejledning for IBOS Punktnodelæser.v4.1.docx
		Documentation\Test descriptions\Version 4.1\Testvejledning for IBOS Nodelæser Version 4.1.docx = Documentation\Test descriptions\Version 4.1\Testvejledning for IBOS Nodelæser Version 4.1.docx
	EndProjectSection
EndProject
Project("{2150E333-8FDC-42A3-9474-1A3956D46DE8}") = "Nota", "Nota", "{5271E7FB-5537-472D-803A-F54E923D5428}"
	ProjectSection(SolutionItems) = preProject
		Documentation\Third party documentation\Nota\106_109.pdf = Documentation\Third party documentation\Nota\106_109.pdf
		Documentation\Third party documentation\Nota\319002.Korbog 1 Bibelske motetter.pef = Documentation\Third party documentation\Nota\319002.Korbog 1 Bibelske motetter.pef
		Documentation\Third party documentation\Nota\390120.Imudicos melodibog 28.pef = Documentation\Third party documentation\Nota\390120.Imudicos melodibog 28.pef
		Documentation\Third party documentation\Nota\390131.Mariä Wiegenlied op.76 nr.5.pef = Documentation\Third party documentation\Nota\390131.Mariä Wiegenlied op.76 nr.5.pef
		Documentation\Third party documentation\Nota\ESC_Braillo-B650-SF.pdf = Documentation\Third party documentation\Nota\ESC_Braillo-B650-SF.pdf
		Documentation\Third party documentation\Nota\ReadMe.JSJ.txt = Documentation\Third party documentation\Nota\ReadMe.JSJ.txt
		Documentation\Third party documentation\Nota\VS  Punktprint i Nakskov - Bo Alstrup (CX64@kk.dk) - 2021-08-10 1111.eml = Documentation\Third party documentation\Nota\VS  Punktprint i Nakskov - Bo Alstrup (CX64@kk.dk) - 2021-08-10 1111.eml
		Documentation\Third party documentation\Nota\VS  Punktprint i Nakskov - Bo Alstrup (CX64@kk.dk) - 2021-08-10 1404.eml = Documentation\Third party documentation\Nota\VS  Punktprint i Nakskov - Bo Alstrup (CX64@kk.dk) - 2021-08-10 1404.eml
	EndProjectSection
EndProject
Project("{2150E333-8FDC-42A3-9474-1A3956D46DE8}") = "PEF Specifications", "PEF Specifications", "{A36294B9-3CE8-437B-AD39-D114792A4C5A}"
	ProjectSection(SolutionItems) = preProject
		Documentation\Third party documentation\PEF specifications\Links.txt = Documentation\Third party documentation\PEF specifications\Links.txt
	EndProjectSection
EndProject
Project("{2150E333-8FDC-42A3-9474-1A3956D46DE8}") = "PhotoScore", "PhotoScore", "{54805055-035C-4E0E-827E-C184A5D4519F}"
	ProjectSection(SolutionItems) = preProject
		Documentation\Third party documentation\Photoscore\Installation and codes.txt = Documentation\Third party documentation\Photoscore\Installation and codes.txt
	EndProjectSection
EndProject
Global
	GlobalSection(SolutionConfigurationPlatforms) = preSolution
		Debug|Any CPU = Debug|Any CPU
		Debug|x64 = Debug|x64
		Debug|x86 = Debug|x86
		Release|Any CPU = Release|Any CPU
		Release|x64 = Release|x64
		Release|x86 = Release|x86
	EndGlobalSection
	GlobalSection(ProjectConfigurationPlatforms) = postSolution
		{529D2C78-0FBC-4BF1-B5AE-F348695546C2}.Debug|Any CPU.ActiveCfg = Debug|Any CPU
		{529D2C78-0FBC-4BF1-B5AE-F348695546C2}.Debug|Any CPU.Build.0 = Debug|Any CPU
		{529D2C78-0FBC-4BF1-B5AE-F348695546C2}.Debug|x64.ActiveCfg = Debug|Any CPU
		{529D2C78-0FBC-4BF1-B5AE-F348695546C2}.Debug|x64.Build.0 = Debug|Any CPU
		{529D2C78-0FBC-4BF1-B5AE-F348695546C2}.Debug|x86.ActiveCfg = Debug|Any CPU
		{529D2C78-0FBC-4BF1-B5AE-F348695546C2}.Debug|x86.Build.0 = Debug|Any CPU
		{529D2C78-0FBC-4BF1-B5AE-F348695546C2}.Release|Any CPU.ActiveCfg = Release|Any CPU
		{529D2C78-0FBC-4BF1-B5AE-F348695546C2}.Release|Any CPU.Build.0 = Release|Any CPU
		{529D2C78-0FBC-4BF1-B5AE-F348695546C2}.Release|x64.ActiveCfg = Release|Any CPU
		{529D2C78-0FBC-4BF1-B5AE-F348695546C2}.Release|x64.Build.0 = Release|Any CPU
		{529D2C78-0FBC-4BF1-B5AE-F348695546C2}.Release|x86.ActiveCfg = Release|Any CPU
		{529D2C78-0FBC-4BF1-B5AE-F348695546C2}.Release|x86.Build.0 = Release|Any CPU
		{6444ECF6-7A11-4B21-A31C-EF8E05B0CD32}.Debug|Any CPU.ActiveCfg = Debug|Any CPU
		{6444ECF6-7A11-4B21-A31C-EF8E05B0CD32}.Debug|Any CPU.Build.0 = Debug|Any CPU
		{6444ECF6-7A11-4B21-A31C-EF8E05B0CD32}.Debug|x64.ActiveCfg = Debug|Any CPU
		{6444ECF6-7A11-4B21-A31C-EF8E05B0CD32}.Debug|x64.Build.0 = Debug|Any CPU
		{6444ECF6-7A11-4B21-A31C-EF8E05B0CD32}.Debug|x86.ActiveCfg = Debug|Any CPU
		{6444ECF6-7A11-4B21-A31C-EF8E05B0CD32}.Debug|x86.Build.0 = Debug|Any CPU
		{6444ECF6-7A11-4B21-A31C-EF8E05B0CD32}.Release|Any CPU.ActiveCfg = Release|Any CPU
		{6444ECF6-7A11-4B21-A31C-EF8E05B0CD32}.Release|Any CPU.Build.0 = Release|Any CPU
		{6444ECF6-7A11-4B21-A31C-EF8E05B0CD32}.Release|x64.ActiveCfg = Release|Any CPU
		{6444ECF6-7A11-4B21-A31C-EF8E05B0CD32}.Release|x64.Build.0 = Release|Any CPU
		{6444ECF6-7A11-4B21-A31C-EF8E05B0CD32}.Release|x86.ActiveCfg = Release|Any CPU
		{6444ECF6-7A11-4B21-A31C-EF8E05B0CD32}.Release|x86.Build.0 = Release|Any CPU
		{695BF2CE-9955-4D26-B552-2427EE160810}.Debug|Any CPU.ActiveCfg = Debug|Any CPU
		{695BF2CE-9955-4D26-B552-2427EE160810}.Debug|Any CPU.Build.0 = Debug|Any CPU
		{695BF2CE-9955-4D26-B552-2427EE160810}.Debug|x64.ActiveCfg = Debug|Any CPU
		{695BF2CE-9955-4D26-B552-2427EE160810}.Debug|x64.Build.0 = Debug|Any CPU
		{695BF2CE-9955-4D26-B552-2427EE160810}.Debug|x86.ActiveCfg = Debug|Any CPU
		{695BF2CE-9955-4D26-B552-2427EE160810}.Debug|x86.Build.0 = Debug|Any CPU
		{695BF2CE-9955-4D26-B552-2427EE160810}.Release|Any CPU.ActiveCfg = Release|Any CPU
		{695BF2CE-9955-4D26-B552-2427EE160810}.Release|Any CPU.Build.0 = Release|Any CPU
		{695BF2CE-9955-4D26-B552-2427EE160810}.Release|x64.ActiveCfg = Release|Any CPU
		{695BF2CE-9955-4D26-B552-2427EE160810}.Release|x64.Build.0 = Release|Any CPU
		{695BF2CE-9955-4D26-B552-2427EE160810}.Release|x86.ActiveCfg = Release|Any CPU
		{695BF2CE-9955-4D26-B552-2427EE160810}.Release|x86.Build.0 = Release|Any CPU
		{FFA51160-D314-4EDD-A720-1FB2E3A02770}.Debug|Any CPU.ActiveCfg = Debug|Any CPU
		{FFA51160-D314-4EDD-A720-1FB2E3A02770}.Debug|Any CPU.Build.0 = Debug|Any CPU
		{FFA51160-D314-4EDD-A720-1FB2E3A02770}.Debug|x64.ActiveCfg = Debug|Any CPU
		{FFA51160-D314-4EDD-A720-1FB2E3A02770}.Debug|x64.Build.0 = Debug|Any CPU
		{FFA51160-D314-4EDD-A720-1FB2E3A02770}.Debug|x86.ActiveCfg = Debug|Any CPU
		{FFA51160-D314-4EDD-A720-1FB2E3A02770}.Debug|x86.Build.0 = Debug|Any CPU
		{FFA51160-D314-4EDD-A720-1FB2E3A02770}.Release|Any CPU.ActiveCfg = Release|Any CPU
		{FFA51160-D314-4EDD-A720-1FB2E3A02770}.Release|Any CPU.Build.0 = Release|Any CPU
		{FFA51160-D314-4EDD-A720-1FB2E3A02770}.Release|x64.ActiveCfg = Release|Any CPU
		{FFA51160-D314-4EDD-A720-1FB2E3A02770}.Release|x64.Build.0 = Release|Any CPU
		{FFA51160-D314-4EDD-A720-1FB2E3A02770}.Release|x86.ActiveCfg = Release|Any CPU
		{FFA51160-D314-4EDD-A720-1FB2E3A02770}.Release|x86.Build.0 = Release|Any CPU
		{6E0D8239-0AF3-426C-81D3-2E2C155D0848}.Debug|Any CPU.ActiveCfg = Debug|Any CPU
		{6E0D8239-0AF3-426C-81D3-2E2C155D0848}.Debug|Any CPU.Build.0 = Debug|Any CPU
		{6E0D8239-0AF3-426C-81D3-2E2C155D0848}.Debug|x64.ActiveCfg = Debug|Any CPU
		{6E0D8239-0AF3-426C-81D3-2E2C155D0848}.Debug|x64.Build.0 = Debug|Any CPU
		{6E0D8239-0AF3-426C-81D3-2E2C155D0848}.Debug|x86.ActiveCfg = Debug|Any CPU
		{6E0D8239-0AF3-426C-81D3-2E2C155D0848}.Debug|x86.Build.0 = Debug|Any CPU
		{6E0D8239-0AF3-426C-81D3-2E2C155D0848}.Release|Any CPU.ActiveCfg = Release|Any CPU
		{6E0D8239-0AF3-426C-81D3-2E2C155D0848}.Release|Any CPU.Build.0 = Release|Any CPU
		{6E0D8239-0AF3-426C-81D3-2E2C155D0848}.Release|x64.ActiveCfg = Release|Any CPU
		{6E0D8239-0AF3-426C-81D3-2E2C155D0848}.Release|x64.Build.0 = Release|Any CPU
		{6E0D8239-0AF3-426C-81D3-2E2C155D0848}.Release|x86.ActiveCfg = Release|Any CPU
		{6E0D8239-0AF3-426C-81D3-2E2C155D0848}.Release|x86.Build.0 = Release|Any CPU
		{5C29F3B2-FE9D-4306-98D6-00D3730D8EBC}.Debug|Any CPU.ActiveCfg = Debug|Any CPU
		{5C29F3B2-FE9D-4306-98D6-00D3730D8EBC}.Debug|Any CPU.Build.0 = Debug|Any CPU
		{5C29F3B2-FE9D-4306-98D6-00D3730D8EBC}.Debug|x64.ActiveCfg = Debug|Any CPU
		{5C29F3B2-FE9D-4306-98D6-00D3730D8EBC}.Debug|x64.Build.0 = Debug|Any CPU
		{5C29F3B2-FE9D-4306-98D6-00D3730D8EBC}.Debug|x86.ActiveCfg = Debug|Any CPU
		{5C29F3B2-FE9D-4306-98D6-00D3730D8EBC}.Debug|x86.Build.0 = Debug|Any CPU
		{5C29F3B2-FE9D-4306-98D6-00D3730D8EBC}.Release|Any CPU.ActiveCfg = Release|Any CPU
		{5C29F3B2-FE9D-4306-98D6-00D3730D8EBC}.Release|Any CPU.Build.0 = Release|Any CPU
		{5C29F3B2-FE9D-4306-98D6-00D3730D8EBC}.Release|x64.ActiveCfg = Release|Any CPU
		{5C29F3B2-FE9D-4306-98D6-00D3730D8EBC}.Release|x64.Build.0 = Release|Any CPU
		{5C29F3B2-FE9D-4306-98D6-00D3730D8EBC}.Release|x86.ActiveCfg = Release|Any CPU
		{5C29F3B2-FE9D-4306-98D6-00D3730D8EBC}.Release|x86.Build.0 = Release|Any CPU
		{A074C7D4-51E9-4A25-A115-36C802556C91}.Debug|Any CPU.ActiveCfg = Debug|Any CPU
		{A074C7D4-51E9-4A25-A115-36C802556C91}.Debug|Any CPU.Build.0 = Debug|Any CPU
		{A074C7D4-51E9-4A25-A115-36C802556C91}.Debug|x64.ActiveCfg = Debug|Any CPU
		{A074C7D4-51E9-4A25-A115-36C802556C91}.Debug|x64.Build.0 = Debug|Any CPU
		{A074C7D4-51E9-4A25-A115-36C802556C91}.Debug|x86.ActiveCfg = Debug|Any CPU
		{A074C7D4-51E9-4A25-A115-36C802556C91}.Debug|x86.Build.0 = Debug|Any CPU
		{A074C7D4-51E9-4A25-A115-36C802556C91}.Release|Any CPU.ActiveCfg = Release|Any CPU
		{A074C7D4-51E9-4A25-A115-36C802556C91}.Release|Any CPU.Build.0 = Release|Any CPU
		{A074C7D4-51E9-4A25-A115-36C802556C91}.Release|x64.ActiveCfg = Release|Any CPU
		{A074C7D4-51E9-4A25-A115-36C802556C91}.Release|x64.Build.0 = Release|Any CPU
		{A074C7D4-51E9-4A25-A115-36C802556C91}.Release|x86.ActiveCfg = Release|Any CPU
		{A074C7D4-51E9-4A25-A115-36C802556C91}.Release|x86.Build.0 = Release|Any CPU
		{2CB35E0F-ECC0-4344-A55E-E74CA5C9A28D}.Debug|Any CPU.ActiveCfg = Debug|Any CPU
		{2CB35E0F-ECC0-4344-A55E-E74CA5C9A28D}.Debug|Any CPU.Build.0 = Debug|Any CPU
		{2CB35E0F-ECC0-4344-A55E-E74CA5C9A28D}.Debug|x64.ActiveCfg = Debug|Any CPU
		{2CB35E0F-ECC0-4344-A55E-E74CA5C9A28D}.Debug|x64.Build.0 = Debug|Any CPU
		{2CB35E0F-ECC0-4344-A55E-E74CA5C9A28D}.Debug|x86.ActiveCfg = Debug|Any CPU
		{2CB35E0F-ECC0-4344-A55E-E74CA5C9A28D}.Debug|x86.Build.0 = Debug|Any CPU
		{2CB35E0F-ECC0-4344-A55E-E74CA5C9A28D}.Release|Any CPU.ActiveCfg = Release|Any CPU
		{2CB35E0F-ECC0-4344-A55E-E74CA5C9A28D}.Release|Any CPU.Build.0 = Release|Any CPU
		{2CB35E0F-ECC0-4344-A55E-E74CA5C9A28D}.Release|x64.ActiveCfg = Release|Any CPU
		{2CB35E0F-ECC0-4344-A55E-E74CA5C9A28D}.Release|x64.Build.0 = Release|Any CPU
		{2CB35E0F-ECC0-4344-A55E-E74CA5C9A28D}.Release|x86.ActiveCfg = Release|Any CPU
		{2CB35E0F-ECC0-4344-A55E-E74CA5C9A28D}.Release|x86.Build.0 = Release|Any CPU
		{AAFF9629-680D-478E-9541-871CEFEB7FD2}.Debug|Any CPU.ActiveCfg = Debug|Any CPU
		{AAFF9629-680D-478E-9541-871CEFEB7FD2}.Debug|Any CPU.Build.0 = Debug|Any CPU
		{AAFF9629-680D-478E-9541-871CEFEB7FD2}.Debug|x64.ActiveCfg = Debug|Any CPU
		{AAFF9629-680D-478E-9541-871CEFEB7FD2}.Debug|x64.Build.0 = Debug|Any CPU
		{AAFF9629-680D-478E-9541-871CEFEB7FD2}.Debug|x86.ActiveCfg = Debug|Any CPU
		{AAFF9629-680D-478E-9541-871CEFEB7FD2}.Debug|x86.Build.0 = Debug|Any CPU
		{AAFF9629-680D-478E-9541-871CEFEB7FD2}.Release|Any CPU.ActiveCfg = Release|Any CPU
		{AAFF9629-680D-478E-9541-871CEFEB7FD2}.Release|Any CPU.Build.0 = Release|Any CPU
		{AAFF9629-680D-478E-9541-871CEFEB7FD2}.Release|x64.ActiveCfg = Release|Any CPU
		{AAFF9629-680D-478E-9541-871CEFEB7FD2}.Release|x64.Build.0 = Release|Any CPU
		{AAFF9629-680D-478E-9541-871CEFEB7FD2}.Release|x86.ActiveCfg = Release|Any CPU
		{AAFF9629-680D-478E-9541-871CEFEB7FD2}.Release|x86.Build.0 = Release|Any CPU
		{DF2ABC03-3595-4EE8-80EB-7E7D42B47E13}.Debug|Any CPU.ActiveCfg = Debug|Any CPU
		{DF2ABC03-3595-4EE8-80EB-7E7D42B47E13}.Debug|Any CPU.Build.0 = Debug|Any CPU
		{DF2ABC03-3595-4EE8-80EB-7E7D42B47E13}.Debug|x64.ActiveCfg = Debug|Any CPU
		{DF2ABC03-3595-4EE8-80EB-7E7D42B47E13}.Debug|x64.Build.0 = Debug|Any CPU
		{DF2ABC03-3595-4EE8-80EB-7E7D42B47E13}.Debug|x86.ActiveCfg = Debug|Any CPU
		{DF2ABC03-3595-4EE8-80EB-7E7D42B47E13}.Debug|x86.Build.0 = Debug|Any CPU
		{DF2ABC03-3595-4EE8-80EB-7E7D42B47E13}.Release|Any CPU.ActiveCfg = Release|Any CPU
		{DF2ABC03-3595-4EE8-80EB-7E7D42B47E13}.Release|Any CPU.Build.0 = Release|Any CPU
		{DF2ABC03-3595-4EE8-80EB-7E7D42B47E13}.Release|x64.ActiveCfg = Release|Any CPU
		{DF2ABC03-3595-4EE8-80EB-7E7D42B47E13}.Release|x64.Build.0 = Release|Any CPU
		{DF2ABC03-3595-4EE8-80EB-7E7D42B47E13}.Release|x86.ActiveCfg = Release|Any CPU
		{DF2ABC03-3595-4EE8-80EB-7E7D42B47E13}.Release|x86.Build.0 = Release|Any CPU
		{47C312F7-94E8-45D9-8388-2DBDB1E94B21}.Debug|Any CPU.ActiveCfg = Debug|Any CPU
		{47C312F7-94E8-45D9-8388-2DBDB1E94B21}.Debug|Any CPU.Build.0 = Debug|Any CPU
		{47C312F7-94E8-45D9-8388-2DBDB1E94B21}.Debug|x64.ActiveCfg = Debug|Any CPU
		{47C312F7-94E8-45D9-8388-2DBDB1E94B21}.Debug|x64.Build.0 = Debug|Any CPU
		{47C312F7-94E8-45D9-8388-2DBDB1E94B21}.Debug|x86.ActiveCfg = Debug|Any CPU
		{47C312F7-94E8-45D9-8388-2DBDB1E94B21}.Debug|x86.Build.0 = Debug|Any CPU
		{47C312F7-94E8-45D9-8388-2DBDB1E94B21}.Release|Any CPU.ActiveCfg = Release|Any CPU
		{47C312F7-94E8-45D9-8388-2DBDB1E94B21}.Release|Any CPU.Build.0 = Release|Any CPU
		{47C312F7-94E8-45D9-8388-2DBDB1E94B21}.Release|x64.ActiveCfg = Release|Any CPU
		{47C312F7-94E8-45D9-8388-2DBDB1E94B21}.Release|x64.Build.0 = Release|Any CPU
		{47C312F7-94E8-45D9-8388-2DBDB1E94B21}.Release|x86.ActiveCfg = Release|Any CPU
		{47C312F7-94E8-45D9-8388-2DBDB1E94B21}.Release|x86.Build.0 = Release|Any CPU
		{27A3D41B-569A-480A-9E30-413102B8E386}.Debug|Any CPU.ActiveCfg = Debug|Any CPU
		{27A3D41B-569A-480A-9E30-413102B8E386}.Debug|Any CPU.Build.0 = Debug|Any CPU
		{27A3D41B-569A-480A-9E30-413102B8E386}.Debug|x64.ActiveCfg = Debug|Any CPU
		{27A3D41B-569A-480A-9E30-413102B8E386}.Debug|x64.Build.0 = Debug|Any CPU
		{27A3D41B-569A-480A-9E30-413102B8E386}.Debug|x86.ActiveCfg = Debug|Any CPU
		{27A3D41B-569A-480A-9E30-413102B8E386}.Debug|x86.Build.0 = Debug|Any CPU
		{27A3D41B-569A-480A-9E30-413102B8E386}.Release|Any CPU.ActiveCfg = Release|Any CPU
		{27A3D41B-569A-480A-9E30-413102B8E386}.Release|Any CPU.Build.0 = Release|Any CPU
		{27A3D41B-569A-480A-9E30-413102B8E386}.Release|x64.ActiveCfg = Release|Any CPU
		{27A3D41B-569A-480A-9E30-413102B8E386}.Release|x64.Build.0 = Release|Any CPU
		{27A3D41B-569A-480A-9E30-413102B8E386}.Release|x86.ActiveCfg = Release|Any CPU
		{27A3D41B-569A-480A-9E30-413102B8E386}.Release|x86.Build.0 = Release|Any CPU
		{2A7ADC67-2A98-43D7-A822-25EAB19F401D}.Debug|Any CPU.ActiveCfg = Debug|Any CPU
		{2A7ADC67-2A98-43D7-A822-25EAB19F401D}.Debug|Any CPU.Build.0 = Debug|Any CPU
		{2A7ADC67-2A98-43D7-A822-25EAB19F401D}.Debug|x64.ActiveCfg = Debug|Any CPU
		{2A7ADC67-2A98-43D7-A822-25EAB19F401D}.Debug|x64.Build.0 = Debug|Any CPU
		{2A7ADC67-2A98-43D7-A822-25EAB19F401D}.Debug|x86.ActiveCfg = Debug|Any CPU
		{2A7ADC67-2A98-43D7-A822-25EAB19F401D}.Debug|x86.Build.0 = Debug|Any CPU
		{2A7ADC67-2A98-43D7-A822-25EAB19F401D}.Release|Any CPU.ActiveCfg = Release|Any CPU
		{2A7ADC67-2A98-43D7-A822-25EAB19F401D}.Release|Any CPU.Build.0 = Release|Any CPU
		{2A7ADC67-2A98-43D7-A822-25EAB19F401D}.Release|x64.ActiveCfg = Release|Any CPU
		{2A7ADC67-2A98-43D7-A822-25EAB19F401D}.Release|x64.Build.0 = Release|Any CPU
		{2A7ADC67-2A98-43D7-A822-25EAB19F401D}.Release|x86.ActiveCfg = Release|Any CPU
		{2A7ADC67-2A98-43D7-A822-25EAB19F401D}.Release|x86.Build.0 = Release|Any CPU
		{EC0E7D03-CD19-441A-BE9F-7B2C4CE4FD0B}.Debug|Any CPU.ActiveCfg = Debug|Any CPU
		{EC0E7D03-CD19-441A-BE9F-7B2C4CE4FD0B}.Debug|Any CPU.Build.0 = Debug|Any CPU
		{EC0E7D03-CD19-441A-BE9F-7B2C4CE4FD0B}.Debug|x64.ActiveCfg = Debug|Any CPU
		{EC0E7D03-CD19-441A-BE9F-7B2C4CE4FD0B}.Debug|x64.Build.0 = Debug|Any CPU
		{EC0E7D03-CD19-441A-BE9F-7B2C4CE4FD0B}.Debug|x86.ActiveCfg = Debug|Any CPU
		{EC0E7D03-CD19-441A-BE9F-7B2C4CE4FD0B}.Debug|x86.Build.0 = Debug|Any CPU
		{EC0E7D03-CD19-441A-BE9F-7B2C4CE4FD0B}.Release|Any CPU.ActiveCfg = Release|Any CPU
		{EC0E7D03-CD19-441A-BE9F-7B2C4CE4FD0B}.Release|Any CPU.Build.0 = Release|Any CPU
		{EC0E7D03-CD19-441A-BE9F-7B2C4CE4FD0B}.Release|x64.ActiveCfg = Release|Any CPU
		{EC0E7D03-CD19-441A-BE9F-7B2C4CE4FD0B}.Release|x64.Build.0 = Release|Any CPU
		{EC0E7D03-CD19-441A-BE9F-7B2C4CE4FD0B}.Release|x86.ActiveCfg = Release|Any CPU
		{EC0E7D03-CD19-441A-BE9F-7B2C4CE4FD0B}.Release|x86.Build.0 = Release|Any CPU
		{0D994560-FF94-4A4B-B150-647D76432DE1}.Debug|Any CPU.ActiveCfg = Debug|Any CPU
		{0D994560-FF94-4A4B-B150-647D76432DE1}.Debug|Any CPU.Build.0 = Debug|Any CPU
		{0D994560-FF94-4A4B-B150-647D76432DE1}.Debug|x64.ActiveCfg = Debug|Any CPU
		{0D994560-FF94-4A4B-B150-647D76432DE1}.Debug|x64.Build.0 = Debug|Any CPU
		{0D994560-FF94-4A4B-B150-647D76432DE1}.Debug|x86.ActiveCfg = Debug|Any CPU
		{0D994560-FF94-4A4B-B150-647D76432DE1}.Debug|x86.Build.0 = Debug|Any CPU
		{0D994560-FF94-4A4B-B150-647D76432DE1}.Release|Any CPU.ActiveCfg = Release|Any CPU
		{0D994560-FF94-4A4B-B150-647D76432DE1}.Release|Any CPU.Build.0 = Release|Any CPU
		{0D994560-FF94-4A4B-B150-647D76432DE1}.Release|x64.ActiveCfg = Release|Any CPU
		{0D994560-FF94-4A4B-B150-647D76432DE1}.Release|x64.Build.0 = Release|Any CPU
		{0D994560-FF94-4A4B-B150-647D76432DE1}.Release|x86.ActiveCfg = Release|Any CPU
		{0D994560-FF94-4A4B-B150-647D76432DE1}.Release|x86.Build.0 = Release|Any CPU
		{B177FA70-5C5A-462C-9B55-D2F9C197EFA0}.Debug|Any CPU.ActiveCfg = Debug|Any CPU
		{B177FA70-5C5A-462C-9B55-D2F9C197EFA0}.Debug|Any CPU.Build.0 = Debug|Any CPU
		{B177FA70-5C5A-462C-9B55-D2F9C197EFA0}.Debug|x64.ActiveCfg = Debug|Any CPU
		{B177FA70-5C5A-462C-9B55-D2F9C197EFA0}.Debug|x64.Build.0 = Debug|Any CPU
		{B177FA70-5C5A-462C-9B55-D2F9C197EFA0}.Debug|x86.ActiveCfg = Debug|Any CPU
		{B177FA70-5C5A-462C-9B55-D2F9C197EFA0}.Debug|x86.Build.0 = Debug|Any CPU
		{B177FA70-5C5A-462C-9B55-D2F9C197EFA0}.Release|Any CPU.ActiveCfg = Release|Any CPU
		{B177FA70-5C5A-462C-9B55-D2F9C197EFA0}.Release|Any CPU.Build.0 = Release|Any CPU
		{B177FA70-5C5A-462C-9B55-D2F9C197EFA0}.Release|x64.ActiveCfg = Release|Any CPU
		{B177FA70-5C5A-462C-9B55-D2F9C197EFA0}.Release|x64.Build.0 = Release|Any CPU
		{B177FA70-5C5A-462C-9B55-D2F9C197EFA0}.Release|x86.ActiveCfg = Release|Any CPU
		{B177FA70-5C5A-462C-9B55-D2F9C197EFA0}.Release|x86.Build.0 = Release|Any CPU
		{D6A09AA1-49E9-499F-A100-87D15C28C072}.Debug|Any CPU.ActiveCfg = Debug|Any CPU
		{D6A09AA1-49E9-499F-A100-87D15C28C072}.Debug|Any CPU.Build.0 = Debug|Any CPU
		{D6A09AA1-49E9-499F-A100-87D15C28C072}.Debug|x64.ActiveCfg = Debug|Any CPU
		{D6A09AA1-49E9-499F-A100-87D15C28C072}.Debug|x64.Build.0 = Debug|Any CPU
		{D6A09AA1-49E9-499F-A100-87D15C28C072}.Debug|x86.ActiveCfg = Debug|Any CPU
		{D6A09AA1-49E9-499F-A100-87D15C28C072}.Debug|x86.Build.0 = Debug|Any CPU
		{D6A09AA1-49E9-499F-A100-87D15C28C072}.Release|Any CPU.ActiveCfg = Release|Any CPU
		{D6A09AA1-49E9-499F-A100-87D15C28C072}.Release|Any CPU.Build.0 = Release|Any CPU
		{D6A09AA1-49E9-499F-A100-87D15C28C072}.Release|x64.ActiveCfg = Release|Any CPU
		{D6A09AA1-49E9-499F-A100-87D15C28C072}.Release|x64.Build.0 = Release|Any CPU
		{D6A09AA1-49E9-499F-A100-87D15C28C072}.Release|x86.ActiveCfg = Release|Any CPU
		{D6A09AA1-49E9-499F-A100-87D15C28C072}.Release|x86.Build.0 = Release|Any CPU
		{753B8133-0F2E-43BE-B5C9-B33A6E9A39AD}.Debug|Any CPU.ActiveCfg = Debug|Any CPU
		{753B8133-0F2E-43BE-B5C9-B33A6E9A39AD}.Debug|Any CPU.Build.0 = Debug|Any CPU
		{753B8133-0F2E-43BE-B5C9-B33A6E9A39AD}.Debug|x64.ActiveCfg = Debug|Any CPU
		{753B8133-0F2E-43BE-B5C9-B33A6E9A39AD}.Debug|x64.Build.0 = Debug|Any CPU
		{753B8133-0F2E-43BE-B5C9-B33A6E9A39AD}.Debug|x86.ActiveCfg = Debug|Any CPU
		{753B8133-0F2E-43BE-B5C9-B33A6E9A39AD}.Debug|x86.Build.0 = Debug|Any CPU
		{753B8133-0F2E-43BE-B5C9-B33A6E9A39AD}.Release|Any CPU.ActiveCfg = Release|Any CPU
		{753B8133-0F2E-43BE-B5C9-B33A6E9A39AD}.Release|Any CPU.Build.0 = Release|Any CPU
		{753B8133-0F2E-43BE-B5C9-B33A6E9A39AD}.Release|x64.ActiveCfg = Release|Any CPU
		{753B8133-0F2E-43BE-B5C9-B33A6E9A39AD}.Release|x64.Build.0 = Release|Any CPU
		{753B8133-0F2E-43BE-B5C9-B33A6E9A39AD}.Release|x86.ActiveCfg = Release|Any CPU
		{753B8133-0F2E-43BE-B5C9-B33A6E9A39AD}.Release|x86.Build.0 = Release|Any CPU
		{165F2EE0-8852-40C3-9EF0-B7EE6B6314B3}.Debug|Any CPU.ActiveCfg = Debug|Any CPU
		{165F2EE0-8852-40C3-9EF0-B7EE6B6314B3}.Debug|Any CPU.Build.0 = Debug|Any CPU
		{165F2EE0-8852-40C3-9EF0-B7EE6B6314B3}.Debug|x64.ActiveCfg = Debug|Any CPU
		{165F2EE0-8852-40C3-9EF0-B7EE6B6314B3}.Debug|x64.Build.0 = Debug|Any CPU
		{165F2EE0-8852-40C3-9EF0-B7EE6B6314B3}.Debug|x86.ActiveCfg = Debug|Any CPU
		{165F2EE0-8852-40C3-9EF0-B7EE6B6314B3}.Debug|x86.Build.0 = Debug|Any CPU
		{165F2EE0-8852-40C3-9EF0-B7EE6B6314B3}.Release|Any CPU.ActiveCfg = Release|Any CPU
		{165F2EE0-8852-40C3-9EF0-B7EE6B6314B3}.Release|Any CPU.Build.0 = Release|Any CPU
		{165F2EE0-8852-40C3-9EF0-B7EE6B6314B3}.Release|x64.ActiveCfg = Release|Any CPU
		{165F2EE0-8852-40C3-9EF0-B7EE6B6314B3}.Release|x64.Build.0 = Release|Any CPU
		{165F2EE0-8852-40C3-9EF0-B7EE6B6314B3}.Release|x86.ActiveCfg = Release|Any CPU
		{165F2EE0-8852-40C3-9EF0-B7EE6B6314B3}.Release|x86.Build.0 = Release|Any CPU
	EndGlobalSection
	GlobalSection(SolutionProperties) = preSolution
		HideSolutionNode = FALSE
	EndGlobalSection
	GlobalSection(NestedProjects) = preSolution
		{A07A01AC-A16A-48D8-9415-555CDA1E37F6} = {1B62366B-E595-454C-846D-E36240015490}
		{DC119A17-C15E-403A-9163-4CD93B8F880B} = {A07A01AC-A16A-48D8-9415-555CDA1E37F6}
		{79DD0BA3-6AD9-4599-B8D4-1D09CC2CE379} = {1B62366B-E595-454C-846D-E36240015490}
		{7E403006-D108-4DC6-9508-5900C36157E6} = {79DD0BA3-6AD9-4599-B8D4-1D09CC2CE379}
		{C6B6B125-56D2-47E9-8D42-4281D44E5BAB} = {79DD0BA3-6AD9-4599-B8D4-1D09CC2CE379}
		{DCD9E9C9-E80A-4979-ABD9-0E19AB23E73B} = {1B62366B-E595-454C-846D-E36240015490}
		{A4CA3C5D-13DF-45A2-8AA6-992E83AE9C1C} = {1B62366B-E595-454C-846D-E36240015490}
		{3B46914E-71C8-49D7-B733-DB73A6C95801} = {A4CA3C5D-13DF-45A2-8AA6-992E83AE9C1C}
		{26457B1A-7F39-4EC9-BA9A-1D97D88C981B} = {79DD0BA3-6AD9-4599-B8D4-1D09CC2CE379}
		{71A815E3-AC56-44E2-88DE-DD6D5BC94CDC} = {79DD0BA3-6AD9-4599-B8D4-1D09CC2CE379}
		{18EB72DC-34CC-4A22-81CF-9E148218AFA1} = {A07A01AC-A16A-48D8-9415-555CDA1E37F6}
		{321BD5D7-5E95-48B3-816F-6468AB9AA91C} = {18EB72DC-34CC-4A22-81CF-9E148218AFA1}
		{9411AA85-F4B9-48DE-868E-F80F36FD3E31} = {1B62366B-E595-454C-846D-E36240015490}
		{7F826991-DD7B-45CA-8D5C-F3CF81676604} = {2FD59EAC-45B9-47D1-996B-451A5CD77E3B}
		{8A61E204-30A4-4D7F-BE0F-E0416E9E5309} = {2FD59EAC-45B9-47D1-996B-451A5CD77E3B}
		{CC42C5D1-FC48-472D-BFE8-2B90F05DBFFA} = {2FD59EAC-45B9-47D1-996B-451A5CD77E3B}
		{E3B5D502-F5EC-4468-AF2C-78DC19D85093} = {1B62366B-E595-454C-846D-E36240015490}
		{80127C2C-AB28-4873-8243-11ED5C63EDBD} = {1B62366B-E595-454C-846D-E36240015490}
		{183B8079-580D-41A2-B3DF-D8460B19A600} = {A4CA3C5D-13DF-45A2-8AA6-992E83AE9C1C}
		{5271E7FB-5537-472D-803A-F54E923D5428} = {DCD9E9C9-E80A-4979-ABD9-0E19AB23E73B}
		{A36294B9-3CE8-437B-AD39-D114792A4C5A} = {DCD9E9C9-E80A-4979-ABD9-0E19AB23E73B}
		{54805055-035C-4E0E-827E-C184A5D4519F} = {DCD9E9C9-E80A-4979-ABD9-0E19AB23E73B}
	EndGlobalSection
EndGlobal
